
Microsoft Visual Studio Solution File, Format Version 12.00
# Visual Studio Version 17
VisualStudioVersion = 17.0.31903.59
MinimumVisualStudioVersion = 10.0.40219.1
Project("{2150E333-8FDC-42A3-9474-1A3956D46DE8}") = "backend", "backend", "{1AE8ACA6-933B-BF2A-3671-3E2EAC007D16}"
EndProject
Project("{2150E333-8FDC-42A3-9474-1A3956D46DE8}") = "src", "src", "{0F9113EE-888A-26D2-68B0-4A7D0A2A8745}"
EndProject
Project("{FAE04EC0-301F-11D3-BF4B-00C04F79EFBC}") = "Hrm.Domain.Shared", "backend\src\Hrm.Domain.Shared\Hrm.Domain.Shared.csproj", "{0445D666-7F8A-4FF2-8D9A-034B09ADEC86}"
EndProject
Project("{FAE04EC0-301F-11D3-BF4B-00C04F79EFBC}") = "Hrm.Domain", "backend\src\Hrm.Domain\Hrm.Domain.csproj", "{C2D51C2F-1DC8-4074-AAAA-DDC774670A4C}"
EndProject
Project("{FAE04EC0-301F-11D3-BF4B-00C04F79EFBC}") = "Hrm.Application", "backend\src\Hrm.Application\Hrm.Application.csproj", "{98882691-52E5-4DBD-8976-B8268A3B8008}"
EndProject
Project("{FAE04EC0-301F-11D3-BF4B-00C04F79EFBC}") = "Hrm.Infrastructure", "backend\src\Hrm.Infrastructure\Hrm.Infrastructure.csproj", "{3EFEC909-35BA-45F5-B8E7-1A9C4EBFA3F1}"
EndProject
Project("{FAE04EC0-301F-11D3-BF4B-00C04F79EFBC}") = "Hrm.Host", "backend\src\Hrm.Host\Hrm.Host.csproj", "{12846801-B6BB-4655-A158-258D44452164}"
EndProject
Project("{FAE04EC0-301F-11D3-BF4B-00C04F79EFBC}") = "Hrm.Domain.Tests", "unittest\Hrm.Domain.Tests\Hrm.Domain.Tests.csproj", "{D9205B58-CD23-48D4-8E5B-C61F15C3640D}"
EndProject
Project("{FAE04EC0-301F-11D3-BF4B-00C04F79EFBC}") = "Hrm.Application.Tests", "unittest\Hrm.Application.Tests\Hrm.Application.Tests.csproj", "{AC905943-EFF3-4DD1-8699-8E64782C1BFD}"
EndProject
Global
	GlobalSection(SolutionConfigurationPlatforms) = preSolution
		Debug|Any CPU = Debug|Any CPU
		Debug|x64 = Debug|x64
		Debug|x86 = Debug|x86
		Release|Any CPU = Release|Any CPU
		Release|x64 = Release|x64
		Release|x86 = Release|x86
	EndGlobalSection
	GlobalSection(ProjectConfigurationPlatforms) = postSolution
		{0445D666-7F8A-4FF2-8D9A-034B09ADEC86}.Debug|Any CPU.ActiveCfg = Debug|Any CPU
		{0445D666-7F8A-4FF2-8D9A-034B09ADEC86}.Debug|Any CPU.Build.0 = Debug|Any CPU
		{0445D666-7F8A-4FF2-8D9A-034B09ADEC86}.Debug|x64.ActiveCfg = Debug|Any CPU
		{0445D666-7F8A-4FF2-8D9A-034B09ADEC86}.Debug|x64.Build.0 = Debug|Any CPU
		{0445D666-7F8A-4FF2-8D9A-034B09ADEC86}.Debug|x86.ActiveCfg = Debug|Any CPU
		{0445D666-7F8A-4FF2-8D9A-034B09ADEC86}.Debug|x86.Build.0 = Debug|Any CPU
		{0445D666-7F8A-4FF2-8D9A-034B09ADEC86}.Release|Any CPU.ActiveCfg = Release|Any CPU
		{0445D666-7F8A-4FF2-8D9A-034B09ADEC86}.Release|Any CPU.Build.0 = Release|Any CPU
		{0445D666-7F8A-4FF2-8D9A-034B09ADEC86}.Release|x64.ActiveCfg = Release|Any CPU
		{0445D666-7F8A-4FF2-8D9A-034B09ADEC86}.Release|x64.Build.0 = Release|Any CPU
		{0445D666-7F8A-4FF2-8D9A-034B09ADEC86}.Release|x86.ActiveCfg = Release|Any CPU
		{0445D666-7F8A-4FF2-8D9A-034B09ADEC86}.Release|x86.Build.0 = Release|Any CPU
		{C2D51C2F-1DC8-4074-AAAA-DDC774670A4C}.Debug|Any CPU.ActiveCfg = Debug|Any CPU
		{C2D51C2F-1DC8-4074-AAAA-DDC774670A4C}.Debug|Any CPU.Build.0 = Debug|Any CPU
		{C2D51C2F-1DC8-4074-AAAA-DDC774670A4C}.Debug|x64.ActiveCfg = Debug|Any CPU
		{C2D51C2F-1DC8-4074-AAAA-DDC774670A4C}.Debug|x64.Build.0 = Debug|Any CPU
		{C2D51C2F-1DC8-4074-AAAA-DDC774670A4C}.Debug|x86.ActiveCfg = Debug|Any CPU
		{C2D51C2F-1DC8-4074-AAAA-DDC774670A4C}.Debug|x86.Build.0 = Debug|Any CPU
		{C2D51C2F-1DC8-4074-AAAA-DDC774670A4C}.Release|Any CPU.ActiveCfg = Release|Any CPU
		{C2D51C2F-1DC8-4074-AAAA-DDC774670A4C}.Release|Any CPU.Build.0 = Release|Any CPU
		{C2D51C2F-1DC8-4074-AAAA-DDC774670A4C}.Release|x64.ActiveCfg = Release|Any CPU
		{C2D51C2F-1DC8-4074-AAAA-DDC774670A4C}.Release|x64.Build.0 = Release|Any CPU
		{C2D51C2F-1DC8-4074-AAAA-DDC774670A4C}.Release|x86.ActiveCfg = Release|Any CPU
		{C2D51C2F-1DC8-4074-AAAA-DDC774670A4C}.Release|x86.Build.0 = Release|Any CPU
		{98882691-52E5-4DBD-8976-B8268A3B8008}.Debug|Any CPU.ActiveCfg = Debug|Any CPU
		{98882691-52E5-4DBD-8976-B8268A3B8008}.Debug|Any CPU.Build.0 = Debug|Any CPU
		{98882691-52E5-4DBD-8976-B8268A3B8008}.Debug|x64.ActiveCfg = Debug|Any CPU
		{98882691-52E5-4DBD-8976-B8268A3B8008}.Debug|x64.Build.0 = Debug|Any CPU
		{98882691-52E5-4DBD-8976-B8268A3B8008}.Debug|x86.ActiveCfg = Debug|Any CPU
		{98882691-52E5-4DBD-8976-B8268A3B8008}.Debug|x86.Build.0 = Debug|Any CPU
		{98882691-52E5-4DBD-8976-B8268A3B8008}.Release|Any CPU.ActiveCfg = Release|Any CPU
		{98882691-52E5-4DBD-8976-B8268A3B8008}.Release|Any CPU.Build.0 = Release|Any CPU
		{98882691-52E5-4DBD-8976-B8268A3B8008}.Release|x64.ActiveCfg = Release|Any CPU
		{98882691-52E5-4DBD-8976-B8268A3B8008}.Release|x64.Build.0 = Release|Any CPU
		{98882691-52E5-4DBD-8976-B8268A3B8008}.Release|x86.ActiveCfg = Release|Any CPU
		{98882691-52E5-4DBD-8976-B8268A3B8008}.Release|x86.Build.0 = Release|Any CPU
		{3EFEC909-35BA-45F5-B8E7-1A9C4EBFA3F1}.Debug|Any CPU.ActiveCfg = Debug|Any CPU
		{3EFEC909-35BA-45F5-B8E7-1A9C4EBFA3F1}.Debug|Any CPU.Build.0 = Debug|Any CPU
		{3EFEC909-35BA-45F5-B8E7-1A9C4EBFA3F1}.Debug|x64.ActiveCfg = Debug|Any CPU
		{3EFEC909-35BA-45F5-B8E7-1A9C4EBFA3F1}.Debug|x64.Build.0 = Debug|Any CPU
		{3EFEC909-35BA-45F5-B8E7-1A9C4EBFA3F1}.Debug|x86.ActiveCfg = Debug|Any CPU
		{3EFEC909-35BA-45F5-B8E7-1A9C4EBFA3F1}.Debug|x86.Build.0 = Debug|Any CPU
		{3EFEC909-35BA-45F5-B8E7-1A9C4EBFA3F1}.Release|Any CPU.ActiveCfg = Release|Any CPU
		{3EFEC909-35BA-45F5-B8E7-1A9C4EBFA3F1}.Release|Any CPU.Build.0 = Release|Any CPU
		{3EFEC909-35BA-45F5-B8E7-1A9C4EBFA3F1}.Release|x64.ActiveCfg = Release|Any CPU
		{3EFEC909-35BA-45F5-B8E7-1A9C4EBFA3F1}.Release|x64.Build.0 = Release|Any CPU
		{3EFEC909-35BA-45F5-B8E7-1A9C4EBFA3F1}.Release|x86.ActiveCfg = Release|Any CPU
		{3EFEC909-35BA-45F5-B8E7-1A9C4EBFA3F1}.Release|x86.Build.0 = Release|Any CPU
		{12846801-B6BB-4655-A158-258D44452164}.Debug|Any CPU.ActiveCfg = Debug|Any CPU
		{12846801-B6BB-4655-A158-258D44452164}.Debug|Any CPU.Build.0 = Debug|Any CPU
		{12846801-B6BB-4655-A158-258D44452164}.Debug|x64.ActiveCfg = Debug|Any CPU
		{12846801-B6BB-4655-A158-258D44452164}.Debug|x64.Build.0 = Debug|Any CPU
		{12846801-B6BB-4655-A158-258D44452164}.Debug|x86.ActiveCfg = Debug|Any CPU
		{12846801-B6BB-4655-A158-258D44452164}.Debug|x86.Build.0 = Debug|Any CPU
		{12846801-B6BB-4655-A158-258D44452164}.Release|Any CPU.ActiveCfg = Release|Any CPU
		{12846801-B6BB-4655-A158-258D44452164}.Release|Any CPU.Build.0 = Release|Any CPU
		{12846801-B6BB-4655-A158-258D44452164}.Release|x64.ActiveCfg = Release|Any CPU
		{12846801-B6BB-4655-A158-258D44452164}.Release|x64.Build.0 = Release|Any CPU
		{12846801-B6BB-4655-A158-258D44452164}.Release|x86.ActiveCfg = Release|Any CPU
		{12846801-B6BB-4655-A158-258D44452164}.Release|x86.Build.0 = Release|Any CPU
		{D9205B58-CD23-48D4-8E5B-C61F15C3640D}.Debug|Any CPU.ActiveCfg = Debug|Any CPU
		{D9205B58-CD23-48D4-8E5B-C61F15C3640D}.Debug|Any CPU.Build.0 = Debug|Any CPU
		{D9205B58-CD23-48D4-8E5B-C61F15C3640D}.Debug|x64.ActiveCfg = Debug|Any CPU
		{D9205B58-CD23-48D4-8E5B-C61F15C3640D}.Debug|x64.Build.0 = Debug|Any CPU
		{D9205B58-CD23-48D4-8E5B-C61F15C3640D}.Debug|x86.ActiveCfg = Debug|Any CPU
		{D9205B58-CD23-48D4-8E5B-C61F15C3640D}.Debug|x86.Build.0 = Debug|Any CPU
		{D9205B58-CD23-48D4-8E5B-C61F15C3640D}.Release|Any CPU.ActiveCfg = Release|Any CPU
		{D9205B58-CD23-48D4-8E5B-C61F15C3640D}.Release|Any CPU.Build.0 = Release|Any CPU
		{D9205B58-CD23-48D4-8E5B-C61F15C3640D}.Release|x64.ActiveCfg = Release|Any CPU
		{D9205B58-CD23-48D4-8E5B-C61F15C3640D}.Release|x64.Build.0 = Release|Any CPU
		{D9205B58-CD23-48D4-8E5B-C61F15C3640D}.Release|x86.ActiveCfg = Release|Any CPU
		{D9205B58-CD23-48D4-8E5B-C61F15C3640D}.Release|x86.Build.0 = Release|Any CPU
		{AC905943-EFF3-4DD1-8699-8E64782C1BFD}.Debug|Any CPU.ActiveCfg = Debug|Any CPU
		{AC905943-EFF3-4DD1-8699-8E64782C1BFD}.Debug|Any CPU.Build.0 = Debug|Any CPU
		{AC905943-EFF3-4DD1-8699-8E64782C1BFD}.Debug|x64.ActiveCfg = Debug|Any CPU
		{AC905943-EFF3-4DD1-8699-8E64782C1BFD}.Debug|x64.Build.0 = Debug|Any CPU
		{AC905943-EFF3-4DD1-8699-8E64782C1BFD}.Debug|x86.ActiveCfg = Debug|Any CPU
		{AC905943-EFF3-4DD1-8699-8E64782C1BFD}.Debug|x86.Build.0 = Debug|Any CPU
		{AC905943-EFF3-4DD1-8699-8E64782C1BFD}.Release|Any CPU.ActiveCfg = Release|Any CPU
		{AC905943-EFF3-4DD1-8699-8E64782C1BFD}.Release|Any CPU.Build.0 = Release|Any CPU
		{AC905943-EFF3-4DD1-8699-8E64782C1BFD}.Release|x64.ActiveCfg = Release|Any CPU
		{AC905943-EFF3-4DD1-8699-8E64782C1BFD}.Release|x64.Build.0 = Release|Any CPU
		{AC905943-EFF3-4DD1-8699-8E64782C1BFD}.Release|x86.ActiveCfg = Release|Any CPU
		{AC905943-EFF3-4DD1-8699-8E64782C1BFD}.Release|x86.Build.0 = Release|Any CPU
	EndGlobalSection
	GlobalSection(SolutionProperties) = preSolution
		HideSolutionNode = FALSE
	EndGlobalSection
	GlobalSection(NestedProjects) = preSolution
		{0F9113EE-888A-26D2-68B0-4A7D0A2A8745} = {1AE8ACA6-933B-BF2A-3671-3E2EAC007D16}
		{0445D666-7F8A-4FF2-8D9A-034B09ADEC86} = {0F9113EE-888A-26D2-68B0-4A7D0A2A8745}
		{C2D51C2F-1DC8-4074-AAAA-DDC774670A4C} = {0F9113EE-888A-26D2-68B0-4A7D0A2A8745}
		{98882691-52E5-4DBD-8976-B8268A3B8008} = {0F9113EE-888A-26D2-68B0-4A7D0A2A8745}
		{3EFEC909-35BA-45F5-B8E7-1A9C4EBFA3F1} = {0F9113EE-888A-26D2-68B0-4A7D0A2A8745}
		{12846801-B6BB-4655-A158-258D44452164} = {0F9113EE-888A-26D2-68B0-4A7D0A2A8745}
		{D9205B58-CD23-48D4-8E5B-C61F15C3640D} = {0F9113EE-888A-26D2-68B0-4A7D0A2A8745}
		{AC905943-EFF3-4DD1-8699-8E64782C1BFD} = {0F9113EE-888A-26D2-68B0-4A7D0A2A8745}
	EndGlobalSection
EndGlobal
